// !$*UTF8*$!
{
	archiveVersion = 1;
	classes = {
	};
	objectVersion = 48;
	objects = {

/* Begin PBXBuildFile section */
		AA3D16E3206727CD00B4AD0D /* AppDelegate.swift in Sources */ = {isa = PBXBuildFile; fileRef = AA3D16E2206727CD00B4AD0D /* AppDelegate.swift */; };
		AA3D16E5206727CD00B4AD0D /* ViewController.swift in Sources */ = {isa = PBXBuildFile; fileRef = AA3D16E4206727CD00B4AD0D /* ViewController.swift */; };
		AA3D16E8206727CD00B4AD0D /* Main.storyboard in Resources */ = {isa = PBXBuildFile; fileRef = AA3D16E6206727CD00B4AD0D /* Main.storyboard */; };
		AA3D16EA206727CD00B4AD0D /* Assets.xcassets in Resources */ = {isa = PBXBuildFile; fileRef = AA3D16E9206727CD00B4AD0D /* Assets.xcassets */; };
		AA3D16ED206727CD00B4AD0D /* LaunchScreen.storyboard in Resources */ = {isa = PBXBuildFile; fileRef = AA3D16EB206727CD00B4AD0D /* LaunchScreen.storyboard */; };
/* End PBXBuildFile section */

/* Begin PBXFileReference section */
		AA3D16DF206727CC00B4AD0D /* Provide-a-Bull.app */ = {isa = PBXFileReference; explicitFileType = wrapper.application; includeInIndex = 0; path = "Provide-a-Bull.app"; sourceTree = BUILT_PRODUCTS_DIR; };
		AA3D16E2206727CD00B4AD0D /* AppDelegate.swift */ = {isa = PBXFileReference; lastKnownFileType = sourcecode.swift; path = AppDelegate.swift; sourceTree = "<group>"; };
		AA3D16E4206727CD00B4AD0D /* ViewController.swift */ = {isa = PBXFileReference; lastKnownFileType = sourcecode.swift; path = ViewController.swift; sourceTree = "<group>"; };
		AA3D16E7206727CD00B4AD0D /* Base */ = {isa = PBXFileReference; lastKnownFileType = file.storyboard; name = Base; path = Base.lproj/Main.storyboard; sourceTree = "<group>"; };
		AA3D16E9206727CD00B4AD0D /* Assets.xcassets */ = {isa = PBXFileReference; lastKnownFileType = folder.assetcatalog; path = Assets.xcassets; sourceTree = "<group>"; };
		AA3D16EC206727CD00B4AD0D /* Base */ = {isa = PBXFileReference; lastKnownFileType = file.storyboard; name = Base; path = Base.lproj/LaunchScreen.storyboard; sourceTree = "<group>"; };
		AA3D16EE206727CD00B4AD0D /* Info.plist */ = {isa = PBXFileReference; lastKnownFileType = text.plist.xml; path = Info.plist; sourceTree = "<group>"; };
/* End PBXFileReference section */

/* Begin PBXFrameworksBuildPhase section */
		AA3D16DC206727CC00B4AD0D /* Frameworks */ = {
			isa = PBXFrameworksBuildPhase;
			buildActionMask = 2147483647;
			files = (
			);
			runOnlyForDeploymentPostprocessing = 0;
		};
/* End PBXFrameworksBuildPhase section */

/* Begin PBXGroup section */
		AA3D16D6206727CC00B4AD0D = {
			isa = PBXGroup;
			children = (
				AA3D16E1206727CC00B4AD0D /* Provide-a-Bull */,
				AA3D16E0206727CC00B4AD0D /* Products */,
			);
			sourceTree = "<group>";
		};
		AA3D16E0206727CC00B4AD0D /* Products */ = {
			isa = PBXGroup;
			children = (
				AA3D16DF206727CC00B4AD0D /* Provide-a-Bull.app */,
			);
			name = Products;
			sourceTree = "<group>";
		};
		AA3D16E1206727CC00B4AD0D /* Provide-a-Bull */ = {
			isa = PBXGroup;
			children = (
				AA3D16E2206727CD00B4AD0D /* AppDelegate.swift */,
				AA3D16E4206727CD00B4AD0D /* ViewController.swift */,
				AA3D16E6206727CD00B4AD0D /* Main.storyboard */,
				AA3D16E9206727CD00B4AD0D /* Assets.xcassets */,
				AA3D16EB206727CD00B4AD0D /* LaunchScreen.storyboard */,
				AA3D16EE206727CD00B4AD0D /* Info.plist */,
			);
			path = "Provide-a-Bull";
			sourceTree = "<group>";
		};
/* End PBXGroup section */

/* Begin PBXNativeTarget section */
		AA3D16DE206727CC00B4AD0D /* Provide-a-Bull */ = {
			isa = PBXNativeTarget;
			buildConfigurationList = AA3D16F1206727CD00B4AD0D /* Build configuration list for PBXNativeTarget "Provide-a-Bull" */;
			buildPhases = (
				AA3D16DB206727CC00B4AD0D /* Sources */,
				AA3D16DC206727CC00B4AD0D /* Frameworks */,
				AA3D16DD206727CC00B4AD0D /* Resources */,
			);
			buildRules = (
			);
			dependencies = (
			);
			name = "Provide-a-Bull";
			productName = "Provide-a-Bull";
			productReference = AA3D16DF206727CC00B4AD0D /* Provide-a-Bull.app */;
			productType = "com.apple.product-type.application";
		};
/* End PBXNativeTarget section */

/* Begin PBXProject section */
		AA3D16D7206727CC00B4AD0D /* Project object */ = {
			isa = PBXProject;
			attributes = {
				LastSwiftUpdateCheck = 0910;
				LastUpgradeCheck = 0910;
				ORGANIZATIONNAME = "Uchenna Chima";
				TargetAttributes = {
					AA3D16DE206727CC00B4AD0D = {
						CreatedOnToolsVersion = 9.1;
						ProvisioningStyle = Automatic;
					};
				};
			};
			buildConfigurationList = AA3D16DA206727CC00B4AD0D /* Build configuration list for PBXProject "Provide-a-Bull" */;
			compatibilityVersion = "Xcode 8.0";
			developmentRegion = en;
			hasScannedForEncodings = 0;
			knownRegions = (
				en,
				Base,
			);
			mainGroup = AA3D16D6206727CC00B4AD0D;
			productRefGroup = AA3D16E0206727CC00B4AD0D /* Products */;
			projectDirPath = "";
			projectRoot = "";
			targets = (
				AA3D16DE206727CC00B4AD0D /* Provide-a-Bull */,
			);
		};
/* End PBXProject section */

/* Begin PBXResourcesBuildPhase section */
		AA3D16DD206727CC00B4AD0D /* Resources */ = {
			isa = PBXResourcesBuildPhase;
			buildActionMask = 2147483647;
			files = (
				AA3D16ED206727CD00B4AD0D /* LaunchScreen.storyboard in Resources */,
				AA3D16EA206727CD00B4AD0D /* Assets.xcassets in Resources */,
				AA3D16E8206727CD00B4AD0D /* Main.storyboard in Resources */,
			);
			runOnlyForDeploymentPostprocessing = 0;
		};
/* End PBXResourcesBuildPhase section */

/* Begin PBXSourcesBuildPhase section */
		AA3D16DB206727CC00B4AD0D /* Sources */ = {
			isa = PBXSourcesBuildPhase;
			buildActionMask = 2147483647;
			files = (
				AA3D16E5206727CD00B4AD0D /* ViewController.swift in Sources */,
				AA3D16E3206727CD00B4AD0D /* AppDelegate.swift in Sources */,
			);
			runOnlyForDeploymentPostprocessing = 0;
		};
/* End PBXSourcesBuildPhase section */

/* Begin PBXVariantGroup section */
		AA3D16E6206727CD00B4AD0D /* Main.storyboard */ = {
			isa = PBXVariantGroup;
			children = (
				AA3D16E7206727CD00B4AD0D /* Base */,
			);
			name = Main.storyboard;
			sourceTree = "<group>";
		};
		AA3D16EB206727CD00B4AD0D /* LaunchScreen.storyboard */ = {
			isa = PBXVariantGroup;
			children = (
				AA3D16EC206727CD00B4AD0D /* Base */,
			);
			name = LaunchScreen.storyboard;
			sourceTree = "<group>";
		};
/* End PBXVariantGroup section */

/* Begin XCBuildConfiguration section */
		AA3D16EF206727CD00B4AD0D /* Debug */ = {
			isa = XCBuildConfiguration;
			buildSettings = {
				ALWAYS_SEARCH_USER_PATHS = NO;
				CLANG_ANALYZER_NONNULL = YES;
				CLANG_ANALYZER_NUMBER_OBJECT_CONVERSION = YES_AGGRESSIVE;
				CLANG_CXX_LANGUAGE_STANDARD = "gnu++14";
				CLANG_CXX_LIBRARY = "libc++";
				CLANG_ENABLE_MODULES = YES;
				CLANG_ENABLE_OBJC_ARC = YES;
				CLANG_WARN_BLOCK_CAPTURE_AUTORELEASING = YES;
				CLANG_WARN_BOOL_CONVERSION = YES;
				CLANG_WARN_COMMA = YES;
				CLANG_WARN_CONSTANT_CONVERSION = YES;
				CLANG_WARN_DIRECT_OBJC_ISA_USAGE = YES_ERROR;
				CLANG_WARN_DOCUMENTATION_COMMENTS = YES;
				CLANG_WARN_EMPTY_BODY = YES;
				CLANG_WARN_ENUM_CONVERSION = YES;
				CLANG_WARN_INFINITE_RECURSION = YES;
				CLANG_WARN_INT_CONVERSION = YES;
				CLANG_WARN_NON_LITERAL_NULL_CONVERSION = YES;
				CLANG_WARN_OBJC_LITERAL_CONVERSION = YES;
				CLANG_WARN_OBJC_ROOT_CLASS = YES_ERROR;
				CLANG_WARN_RANGE_LOOP_ANALYSIS = YES;
				CLANG_WARN_STRICT_PROTOTYPES = YES;
				CLANG_WARN_SUSPICIOUS_MOVE = YES;
				CLANG_WARN_UNGUARDED_AVAILABILITY = YES_AGGRESSIVE;
				CLANG_WARN_UNREACHABLE_CODE = YES;
				CLANG_WARN__DUPLICATE_METHOD_MATCH = YES;
				CODE_SIGN_IDENTITY = "iPhone Developer";
				COPY_PHASE_STRIP = NO;
				DEBUG_INFORMATION_FORMAT = dwarf;
				ENABLE_STRICT_OBJC_MSGSEND = YES;
				ENABLE_TESTABILITY = YES;
				GCC_C_LANGUAGE_STANDARD = gnu11;
				GCC_DYNAMIC_NO_PIC = NO;
				GCC_NO_COMMON_BLOCKS = YES;
				GCC_OPTIMIZATION_LEVEL = 0;
				GCC_PREPROCESSOR_DEFINITIONS = (
					"DEBUG=1",
					"$(inherited)",
				);
				GCC_WARN_64_TO_32_BIT_CONVERSION = YES;
				GCC_WARN_ABOUT_RETURN_TYPE = YES_ERROR;
				GCC_WARN_UNDECLARED_SELECTOR = YES;
				GCC_WARN_UNINITIALIZED_AUTOS = YES_AGGRESSIVE;
				GCC_WARN_UNUSED_FUNCTION = YES;
				GCC_WARN_UNUSED_VARIABLE = YES;
				IPHONEOS_DEPLOYMENT_TARGET = 11.1;
				MTL_ENABLE_DEBUG_INFO = YES;
				ONLY_ACTIVE_ARCH = YES;
				SDKROOT = iphoneos;
				SWIFT_ACTIVE_COMPILATION_CONDITIONS = DEBUG;
				SWIFT_OPTIMIZATION_LEVEL = "-Onone";
			};
			name = Debug;
		};
		AA3D16F0206727CD00B4AD0D /* Release */ = {
			isa = XCBuildConfiguration;
			buildSettings = {
				ALWAYS_SEARCH_USER_PATHS = NO;
				CLANG_ANALYZER_NONNULL = YES;
				CLANG_ANALYZER_NUMBER_OBJECT_CONVERSION = YES_AGGRESSIVE;
				CLANG_CXX_LANGUAGE_STANDARD = "gnu++14";
				CLANG_CXX_LIBRARY = "libc++";
				CLANG_ENABLE_MODULES = YES;
				CLANG_ENABLE_OBJC_ARC = YES;
				CLANG_WARN_BLOCK_CAPTURE_AUTORELEASING = YES;
				CLANG_WARN_BOOL_CONVERSION = YES;
				CLANG_WARN_COMMA = YES;
				CLANG_WARN_CONSTANT_CONVERSION = YES;
				CLANG_WARN_DIRECT_OBJC_ISA_USAGE = YES_ERROR;
				CLANG_WARN_DOCUMENTATION_COMMENTS = YES;
				CLANG_WARN_EMPTY_BODY = YES;
				CLANG_WARN_ENUM_CONVERSION = YES;
				CLANG_WARN_INFINITE_RECURSION = YES;
				CLANG_WARN_INT_CONVERSION = YES;
				CLANG_WARN_NON_LITERAL_NULL_CONVERSION = YES;
				CLANG_WARN_OBJC_LITERAL_CONVERSION = YES;
				CLANG_WARN_OBJC_ROOT_CLASS = YES_ERROR;
				CLANG_WARN_RANGE_LOOP_ANALYSIS = YES;
				CLANG_WARN_STRICT_PROTOTYPES = YES;
				CLANG_WARN_SUSPICIOUS_MOVE = YES;
				CLANG_WARN_UNGUARDED_AVAILABILITY = YES_AGGRESSIVE;
				CLANG_WARN_UNREACHABLE_CODE = YES;
				CLANG_WARN__DUPLICATE_METHOD_MATCH = YES;
				CODE_SIGN_IDENTITY = "iPhone Developer";
				COPY_PHASE_STRIP = NO;
				DEBUG_INFORMATION_FORMAT = "dwarf-with-dsym";
				ENABLE_NS_ASSERTIONS = NO;
				ENABLE_STRICT_OBJC_MSGSEND = YES;
				GCC_C_LANGUAGE_STANDARD = gnu11;
				GCC_NO_COMMON_BLOCKS = YES;
				GCC_WARN_64_TO_32_BIT_CONVERSION = YES;
				GCC_WARN_ABOUT_RETURN_TYPE = YES_ERROR;
				GCC_WARN_UNDECLARED_SELECTOR = YES;
				GCC_WARN_UNINITIALIZED_AUTOS = YES_AGGRESSIVE;
				GCC_WARN_UNUSED_FUNCTION = YES;
				GCC_WARN_UNUSED_VARIABLE = YES;
				IPHONEOS_DEPLOYMENT_TARGET = 11.1;
				MTL_ENABLE_DEBUG_INFO = NO;
				SDKROOT = iphoneos;
				SWIFT_OPTIMIZATION_LEVEL = "-Owholemodule";
				VALIDATE_PRODUCT = YES;
			};
			name = Release;
		};
		AA3D16F2206727CD00B4AD0D /* Debug */ = {
			isa = XCBuildConfiguration;
			buildSettings = {
				ASSETCATALOG_COMPILER_APPICON_NAME = AppIcon;
				CODE_SIGN_STYLE = Automatic;
				DEVELOPMENT_TEAM = 69DACKUSD7;
				INFOPLIST_FILE = "Provide-a-Bull/Info.plist";
				LD_RUNPATH_SEARCH_PATHS = "$(inherited) @executable_path/Frameworks";
				PRODUCT_BUNDLE_IDENTIFIER = "com.uchennachima.Provide-a-Bull";
				PRODUCT_NAME = "$(TARGET_NAME)";
				SWIFT_VERSION = 4.0;
				TARGETED_DEVICE_FAMILY = 1;
			};
			name = Debug;
		};
		AA3D16F3206727CD00B4AD0D /* Release */ = {
			isa = XCBuildConfiguration;
			buildSettings = {
				ASSETCATALOG_COMPILER_APPICON_NAME = AppIcon;
				CODE_SIGN_STYLE = Automatic;
				DEVELOPMENT_TEAM = 69DACKUSD7;
				INFOPLIST_FILE = "Provide-a-Bull/Info.plist";
				LD_RUNPATH_SEARCH_PATHS = "$(inherited) @executable_path/Frameworks";
				PRODUCT_BUNDLE_IDENTIFIER = "com.uchennachima.Provide-a-Bull";
				PRODUCT_NAME = "$(TARGET_NAME)";
				SWIFT_VERSION = 4.0;
				TARGETED_DEVICE_FAMILY = 1;
			};
			name = Release;
		};
/* End XCBuildConfiguration section */

/* Begin XCConfigurationList section */
		AA3D16DA206727CC00B4AD0D /* Build configuration list for PBXProject "Provide-a-Bull" */ = {
			isa = XCConfigurationList;
			buildConfigurations = (
				AA3D16EF206727CD00B4AD0D /* Debug */,
				AA3D16F0206727CD00B4AD0D /* Release */,
			);
			defaultConfigurationIsVisible = 0;
			defaultConfigurationName = Release;
		};
		AA3D16F1206727CD00B4AD0D /* Build configuration list for PBXNativeTarget "Provide-a-Bull" */ = {
			isa = XCConfigurationList;
			buildConfigurations = (
				AA3D16F2206727CD00B4AD0D /* Debug */,
				AA3D16F3206727CD00B4AD0D /* Release */,
			);
			defaultConfigurationIsVisible = 0;
			defaultConfigurationName = Release;
		};
/* End XCConfigurationList section */
	};
	rootObject = AA3D16D7206727CC00B4AD0D /* Project object */;
}
